// !$*UTF8*$!
{
	archiveVersion = 1;
	classes = {
	};
	objectVersion = 55;
	objects = {

/* Begin PBXBuildFile section */
		2B95713228DFF2A000B2287F /* ChartsView.swift in Sources */ = {isa = PBXBuildFile; fileRef = 2B95713128DFF2A000B2287F /* ChartsView.swift */; };
		2B95713F28E02A9300B2287F /* SwiftUICharts in Frameworks */ = {isa = PBXBuildFile; productRef = 2B95713E28E02A9300B2287F /* SwiftUICharts */; };
		3078B945277E0D8900EB7C6D /* Button+Utils.swift in Sources */ = {isa = PBXBuildFile; fileRef = 3078B944277E0D8900EB7C6D /* Button+Utils.swift */; };
		30D540F427732F750018B499 /* SpaceXApp.swift in Sources */ = {isa = PBXBuildFile; fileRef = 30D540F327732F750018B499 /* SpaceXApp.swift */; };
		30D540F627732F750018B499 /* MainView.swift in Sources */ = {isa = PBXBuildFile; fileRef = 30D540F527732F750018B499 /* MainView.swift */; };
		30D540F827732F760018B499 /* Assets.xcassets in Resources */ = {isa = PBXBuildFile; fileRef = 30D540F727732F760018B499 /* Assets.xcassets */; };
		30D540FB27732F760018B499 /* Preview Assets.xcassets in Resources */ = {isa = PBXBuildFile; fileRef = 30D540FA27732F760018B499 /* Preview Assets.xcassets */; };
		30D5410F27732F760018B499 /* LaunchesViewUITests.swift in Sources */ = {isa = PBXBuildFile; fileRef = 30D5410E27732F760018B499 /* LaunchesViewUITests.swift */; };
		30D5411127732F760018B499 /* SpaceXUITestsLaunchTests.swift in Sources */ = {isa = PBXBuildFile; fileRef = 30D5411027732F760018B499 /* SpaceXUITestsLaunchTests.swift */; };
		30D54127277331F60018B499 /* Company.swift in Sources */ = {isa = PBXBuildFile; fileRef = 30D54122277331F60018B499 /* Company.swift */; };
		30D54128277331F60018B499 /* Launch.swift in Sources */ = {isa = PBXBuildFile; fileRef = 30D54123277331F60018B499 /* Launch.swift */; };
		30D54129277331F60018B499 /* Patch.swift in Sources */ = {isa = PBXBuildFile; fileRef = 30D54124277331F60018B499 /* Patch.swift */; };
		30D5412A277331F60018B499 /* Links.swift in Sources */ = {isa = PBXBuildFile; fileRef = 30D54125277331F60018B499 /* Links.swift */; };
		30D5412B277331F60018B499 /* Rocket.swift in Sources */ = {isa = PBXBuildFile; fileRef = 30D54126277331F60018B499 /* Rocket.swift */; };
		30D54132277332770018B499 /* LinksTests.swift in Sources */ = {isa = PBXBuildFile; fileRef = 30D5412D277332770018B499 /* LinksTests.swift */; };
		30D54133277332770018B499 /* PatchTests.swift in Sources */ = {isa = PBXBuildFile; fileRef = 30D5412E277332770018B499 /* PatchTests.swift */; };
		30D54134277332770018B499 /* RocketTests.swift in Sources */ = {isa = PBXBuildFile; fileRef = 30D5412F277332770018B499 /* RocketTests.swift */; };
		30D54135277332770018B499 /* CompanyTests.swift in Sources */ = {isa = PBXBuildFile; fileRef = 30D54130277332770018B499 /* CompanyTests.swift */; };
		30D54136277332770018B499 /* LaunchTests.swift in Sources */ = {isa = PBXBuildFile; fileRef = 30D54131277332770018B499 /* LaunchTests.swift */; };
		30D5413C2773345B0018B499 /* Localize.swift in Sources */ = {isa = PBXBuildFile; fileRef = 30D5413B2773345B0018B499 /* Localize.swift */; };
		30D54147277334D50018B499 /* Localizable.strings in Resources */ = {isa = PBXBuildFile; fileRef = 30D54149277334D60018B499 /* Localizable.strings */; };
		30D541512773378C0018B499 /* TestCompanyInfo_v4.json in Resources */ = {isa = PBXBuildFile; fileRef = 30D5414C2773378C0018B499 /* TestCompanyInfo_v4.json */; };
		30D541522773378C0018B499 /* TestLaunches_PopulatedRockets_v4.json in Resources */ = {isa = PBXBuildFile; fileRef = 30D5414D2773378C0018B499 /* TestLaunches_PopulatedRockets_v4.json */; };
		30D541532773378C0018B499 /* TestLinks_v4.json in Resources */ = {isa = PBXBuildFile; fileRef = 30D5414E2773378C0018B499 /* TestLinks_v4.json */; };
		30D541542773378C0018B499 /* TestRockets_v4.json in Resources */ = {isa = PBXBuildFile; fileRef = 30D5414F2773378C0018B499 /* TestRockets_v4.json */; };
		30D541552773378C0018B499 /* TestPatches_v4.json in Resources */ = {isa = PBXBuildFile; fileRef = 30D541502773378C0018B499 /* TestPatches_v4.json */; };
		30E0FF082779D0510029EB4E /* UITestCase+Shortcuts.swift in Sources */ = {isa = PBXBuildFile; fileRef = 30E0FF072779D0510029EB4E /* UITestCase+Shortcuts.swift */; };
		30E0FF0B277A04BF0029EB4E /* ImageCache.swift in Sources */ = {isa = PBXBuildFile; fileRef = 30E0FF0A277A04BF0029EB4E /* ImageCache.swift */; };
		30E0FF0E277A0A570029EB4E /* ThreadSafeCache.swift in Sources */ = {isa = PBXBuildFile; fileRef = 30E0FF0D277A0A570029EB4E /* ThreadSafeCache.swift */; };
		30E0FF11277A11870029EB4E /* MockImageCache.swift in Sources */ = {isa = PBXBuildFile; fileRef = 30E0FF0F277A11750029EB4E /* MockImageCache.swift */; };
		30E0FF14277B6AA10029EB4E /* View+LocalizationKey.swift in Sources */ = {isa = PBXBuildFile; fileRef = 30E0FF13277B6AA10029EB4E /* View+LocalizationKey.swift */; };
		30E0FF16277B8C490029EB4E /* AlertButton+URL.swift in Sources */ = {isa = PBXBuildFile; fileRef = 30E0FF15277B8C490029EB4E /* AlertButton+URL.swift */; };
		30E0FF18277BAAFB0029EB4E /* FilterView.swift in Sources */ = {isa = PBXBuildFile; fileRef = 30E0FF17277BAAFB0029EB4E /* FilterView.swift */; };
		30E241F127739EAE00430D0E /* QueryResult.swift in Sources */ = {isa = PBXBuildFile; fileRef = 30E241F027739EAE00430D0E /* QueryResult.swift */; };
		30E241F32773A08100430D0E /* SpaceXAPIClient.swift in Sources */ = {isa = PBXBuildFile; fileRef = 30E241F22773A08100430D0E /* SpaceXAPIClient.swift */; };
		30E241F52773A13D00430D0E /* HTTPClient.swift in Sources */ = {isa = PBXBuildFile; fileRef = 30E241F42773A13D00430D0E /* HTTPClient.swift */; };
		30E241F72773A21100430D0E /* URLRequest+Utils.swift in Sources */ = {isa = PBXBuildFile; fileRef = 30E241F62773A21100430D0E /* URLRequest+Utils.swift */; };
		30E241FA2773ABEF00430D0E /* SpaceXAPIClientTests.swift in Sources */ = {isa = PBXBuildFile; fileRef = 30E241F92773ABEF00430D0E /* SpaceXAPIClientTests.swift */; };
		30E241FC2773B0EC00430D0E /* XCTest+Utils.swift in Sources */ = {isa = PBXBuildFile; fileRef = 30E241FB2773B0EC00430D0E /* XCTest+Utils.swift */; };
		30E241FE2773B61400430D0E /* LaunchesViewModel.swift in Sources */ = {isa = PBXBuildFile; fileRef = 30E241FD2773B61400430D0E /* LaunchesViewModel.swift */; };
		30E242002773BA3000430D0E /* LaunchesViewModel+Model.swift in Sources */ = {isa = PBXBuildFile; fileRef = 30E241FF2773BA3000430D0E /* LaunchesViewModel+Model.swift */; };
		30E242032773BB1300430D0E /* LaunchesViewModelTests.swift in Sources */ = {isa = PBXBuildFile; fileRef = 30E242022773BB1300430D0E /* LaunchesViewModelTests.swift */; };
		30E242052773BF3C00430D0E /* CompanyRowView.swift in Sources */ = {isa = PBXBuildFile; fileRef = 30E242042773BF3C00430D0E /* CompanyRowView.swift */; };
		30E24208277480D800430D0E /* BaseUITestCase.swift in Sources */ = {isa = PBXBuildFile; fileRef = 30E24207277480D800430D0E /* BaseUITestCase.swift */; };
		30E2420C2774880800430D0E /* RuntimeService.swift in Sources */ = {isa = PBXBuildFile; fileRef = 30E2420B2774880800430D0E /* RuntimeService.swift */; };
		30E2420F27748A5100430D0E /* MockHTTPClient.swift in Sources */ = {isa = PBXBuildFile; fileRef = 30E2420D27748A4300430D0E /* MockHTTPClient.swift */; };
		30E2421227748F0D00430D0E /* JsonLoader.swift in Sources */ = {isa = PBXBuildFile; fileRef = 30D54138277332D90018B499 /* JsonLoader.swift */; };
		30E2421327748FC600430D0E /* TestCompanyInfo_v4.json in Resources */ = {isa = PBXBuildFile; fileRef = 30D5414C2773378C0018B499 /* TestCompanyInfo_v4.json */; };
		30E2421427748FC900430D0E /* TestLaunches_PopulatedRockets_v4.json in Resources */ = {isa = PBXBuildFile; fileRef = 30D5414D2773378C0018B499 /* TestLaunches_PopulatedRockets_v4.json */; };
		30E242152774953300430D0E /* TestRockets_v4.json in Resources */ = {isa = PBXBuildFile; fileRef = 30D5414F2773378C0018B499 /* TestRockets_v4.json */; };
		30E242162774953700430D0E /* TestPatches_v4.json in Resources */ = {isa = PBXBuildFile; fileRef = 30D541502773378C0018B499 /* TestPatches_v4.json */; };
		30E242172774953A00430D0E /* TestLinks_v4.json in Resources */ = {isa = PBXBuildFile; fileRef = 30D5414E2773378C0018B499 /* TestLinks_v4.json */; };
		30E2421A2774B76600430D0E /* LaunchRowView.swift in Sources */ = {isa = PBXBuildFile; fileRef = 30E242192774B76600430D0E /* LaunchRowView.swift */; };
/* End PBXBuildFile section */

/* Begin PBXContainerItemProxy section */
		30D5410127732F760018B499 /* PBXContainerItemProxy */ = {
			isa = PBXContainerItemProxy;
			containerPortal = 30D540E827732F750018B499 /* Project object */;
			proxyType = 1;
			remoteGlobalIDString = 30D540EF27732F750018B499;
			remoteInfo = SpaceX;
		};
		30D5410B27732F760018B499 /* PBXContainerItemProxy */ = {
			isa = PBXContainerItemProxy;
			containerPortal = 30D540E827732F750018B499 /* Project object */;
			proxyType = 1;
			remoteGlobalIDString = 30D540EF27732F750018B499;
			remoteInfo = SpaceX;
		};
/* End PBXContainerItemProxy section */

/* Begin PBXFileReference section */
		2B95713128DFF2A000B2287F /* ChartsView.swift */ = {isa = PBXFileReference; lastKnownFileType = sourcecode.swift; path = ChartsView.swift; sourceTree = "<group>"; };
		3078B944277E0D8900EB7C6D /* Button+Utils.swift */ = {isa = PBXFileReference; lastKnownFileType = sourcecode.swift; path = "Button+Utils.swift"; sourceTree = "<group>"; };
		30D540F027732F750018B499 /* SpaceX.app */ = {isa = PBXFileReference; explicitFileType = wrapper.application; includeInIndex = 0; path = SpaceX.app; sourceTree = BUILT_PRODUCTS_DIR; };
		30D540F327732F750018B499 /* SpaceXApp.swift */ = {isa = PBXFileReference; lastKnownFileType = sourcecode.swift; path = SpaceXApp.swift; sourceTree = "<group>"; };
		30D540F527732F750018B499 /* MainView.swift */ = {isa = PBXFileReference; lastKnownFileType = sourcecode.swift; path = MainView.swift; sourceTree = "<group>"; };
		30D540F727732F760018B499 /* Assets.xcassets */ = {isa = PBXFileReference; lastKnownFileType = folder.assetcatalog; path = Assets.xcassets; sourceTree = "<group>"; };
		30D540FA27732F760018B499 /* Preview Assets.xcassets */ = {isa = PBXFileReference; lastKnownFileType = folder.assetcatalog; path = "Preview Assets.xcassets"; sourceTree = "<group>"; };
		30D5410027732F760018B499 /* SpaceXTests.xctest */ = {isa = PBXFileReference; explicitFileType = wrapper.cfbundle; includeInIndex = 0; path = SpaceXTests.xctest; sourceTree = BUILT_PRODUCTS_DIR; };
		30D5410A27732F760018B499 /* SpaceXUITests.xctest */ = {isa = PBXFileReference; explicitFileType = wrapper.cfbundle; includeInIndex = 0; path = SpaceXUITests.xctest; sourceTree = BUILT_PRODUCTS_DIR; };
		30D5410E27732F760018B499 /* LaunchesViewUITests.swift */ = {isa = PBXFileReference; lastKnownFileType = sourcecode.swift; path = LaunchesViewUITests.swift; sourceTree = "<group>"; };
		30D5411027732F760018B499 /* SpaceXUITestsLaunchTests.swift */ = {isa = PBXFileReference; lastKnownFileType = sourcecode.swift; path = SpaceXUITestsLaunchTests.swift; sourceTree = "<group>"; };
		30D54122277331F60018B499 /* Company.swift */ = {isa = PBXFileReference; fileEncoding = 4; lastKnownFileType = sourcecode.swift; path = Company.swift; sourceTree = "<group>"; };
		30D54123277331F60018B499 /* Launch.swift */ = {isa = PBXFileReference; fileEncoding = 4; lastKnownFileType = sourcecode.swift; path = Launch.swift; sourceTree = "<group>"; };
		30D54124277331F60018B499 /* Patch.swift */ = {isa = PBXFileReference; fileEncoding = 4; lastKnownFileType = sourcecode.swift; path = Patch.swift; sourceTree = "<group>"; };
		30D54125277331F60018B499 /* Links.swift */ = {isa = PBXFileReference; fileEncoding = 4; lastKnownFileType = sourcecode.swift; path = Links.swift; sourceTree = "<group>"; };
		30D54126277331F60018B499 /* Rocket.swift */ = {isa = PBXFileReference; fileEncoding = 4; lastKnownFileType = sourcecode.swift; path = Rocket.swift; sourceTree = "<group>"; };
		30D5412D277332770018B499 /* LinksTests.swift */ = {isa = PBXFileReference; fileEncoding = 4; lastKnownFileType = sourcecode.swift; path = LinksTests.swift; sourceTree = "<group>"; };
		30D5412E277332770018B499 /* PatchTests.swift */ = {isa = PBXFileReference; fileEncoding = 4; lastKnownFileType = sourcecode.swift; path = PatchTests.swift; sourceTree = "<group>"; };
		30D5412F277332770018B499 /* RocketTests.swift */ = {isa = PBXFileReference; fileEncoding = 4; lastKnownFileType = sourcecode.swift; path = RocketTests.swift; sourceTree = "<group>"; };
		30D54130277332770018B499 /* CompanyTests.swift */ = {isa = PBXFileReference; fileEncoding = 4; lastKnownFileType = sourcecode.swift; path = CompanyTests.swift; sourceTree = "<group>"; };
		30D54131277332770018B499 /* LaunchTests.swift */ = {isa = PBXFileReference; fileEncoding = 4; lastKnownFileType = sourcecode.swift; path = LaunchTests.swift; sourceTree = "<group>"; };
		30D54138277332D90018B499 /* JsonLoader.swift */ = {isa = PBXFileReference; lastKnownFileType = sourcecode.swift; path = JsonLoader.swift; sourceTree = "<group>"; };
		30D5413B2773345B0018B499 /* Localize.swift */ = {isa = PBXFileReference; fileEncoding = 4; lastKnownFileType = sourcecode.swift; path = Localize.swift; sourceTree = "<group>"; };
		30D54148277334D60018B499 /* en-GB */ = {isa = PBXFileReference; lastKnownFileType = text.plist.strings; name = "en-GB"; path = "en-GB.lproj/Localizable.strings"; sourceTree = "<group>"; };
		30D5414A277334DA0018B499 /* en */ = {isa = PBXFileReference; lastKnownFileType = text.plist.strings; name = en; path = en.lproj/Localizable.strings; sourceTree = "<group>"; };
		30D5414C2773378C0018B499 /* TestCompanyInfo_v4.json */ = {isa = PBXFileReference; fileEncoding = 4; lastKnownFileType = text.json; path = TestCompanyInfo_v4.json; sourceTree = "<group>"; };
		30D5414D2773378C0018B499 /* TestLaunches_PopulatedRockets_v4.json */ = {isa = PBXFileReference; fileEncoding = 4; lastKnownFileType = text.json; path = TestLaunches_PopulatedRockets_v4.json; sourceTree = "<group>"; };
		30D5414E2773378C0018B499 /* TestLinks_v4.json */ = {isa = PBXFileReference; fileEncoding = 4; lastKnownFileType = text.json; path = TestLinks_v4.json; sourceTree = "<group>"; };
		30D5414F2773378C0018B499 /* TestRockets_v4.json */ = {isa = PBXFileReference; fileEncoding = 4; lastKnownFileType = text.json; path = TestRockets_v4.json; sourceTree = "<group>"; };
		30D541502773378C0018B499 /* TestPatches_v4.json */ = {isa = PBXFileReference; fileEncoding = 4; lastKnownFileType = text.json; path = TestPatches_v4.json; sourceTree = "<group>"; };
		30E0FF072779D0510029EB4E /* UITestCase+Shortcuts.swift */ = {isa = PBXFileReference; lastKnownFileType = sourcecode.swift; path = "UITestCase+Shortcuts.swift"; sourceTree = "<group>"; };
		30E0FF0A277A04BF0029EB4E /* ImageCache.swift */ = {isa = PBXFileReference; lastKnownFileType = sourcecode.swift; path = ImageCache.swift; sourceTree = "<group>"; };
		30E0FF0D277A0A570029EB4E /* ThreadSafeCache.swift */ = {isa = PBXFileReference; lastKnownFileType = sourcecode.swift; path = ThreadSafeCache.swift; sourceTree = "<group>"; };
		30E0FF0F277A11750029EB4E /* MockImageCache.swift */ = {isa = PBXFileReference; lastKnownFileType = sourcecode.swift; path = MockImageCache.swift; sourceTree = "<group>"; };
		30E0FF13277B6AA10029EB4E /* View+LocalizationKey.swift */ = {isa = PBXFileReference; lastKnownFileType = sourcecode.swift; path = "View+LocalizationKey.swift"; sourceTree = "<group>"; };
		30E0FF15277B8C490029EB4E /* AlertButton+URL.swift */ = {isa = PBXFileReference; lastKnownFileType = sourcecode.swift; path = "AlertButton+URL.swift"; sourceTree = "<group>"; };
		30E0FF17277BAAFB0029EB4E /* FilterView.swift */ = {isa = PBXFileReference; lastKnownFileType = sourcecode.swift; path = FilterView.swift; sourceTree = "<group>"; };
		30E241F027739EAE00430D0E /* QueryResult.swift */ = {isa = PBXFileReference; lastKnownFileType = sourcecode.swift; path = QueryResult.swift; sourceTree = "<group>"; };
		30E241F22773A08100430D0E /* SpaceXAPIClient.swift */ = {isa = PBXFileReference; lastKnownFileType = sourcecode.swift; path = SpaceXAPIClient.swift; sourceTree = "<group>"; };
		30E241F42773A13D00430D0E /* HTTPClient.swift */ = {isa = PBXFileReference; lastKnownFileType = sourcecode.swift; path = HTTPClient.swift; sourceTree = "<group>"; };
		30E241F62773A21100430D0E /* URLRequest+Utils.swift */ = {isa = PBXFileReference; lastKnownFileType = sourcecode.swift; path = "URLRequest+Utils.swift"; sourceTree = "<group>"; };
		30E241F92773ABEF00430D0E /* SpaceXAPIClientTests.swift */ = {isa = PBXFileReference; lastKnownFileType = sourcecode.swift; path = SpaceXAPIClientTests.swift; sourceTree = "<group>"; };
		30E241FB2773B0EC00430D0E /* XCTest+Utils.swift */ = {isa = PBXFileReference; lastKnownFileType = sourcecode.swift; path = "XCTest+Utils.swift"; sourceTree = "<group>"; };
		30E241FD2773B61400430D0E /* LaunchesViewModel.swift */ = {isa = PBXFileReference; lastKnownFileType = sourcecode.swift; path = LaunchesViewModel.swift; sourceTree = "<group>"; };
		30E241FF2773BA3000430D0E /* LaunchesViewModel+Model.swift */ = {isa = PBXFileReference; lastKnownFileType = sourcecode.swift; path = "LaunchesViewModel+Model.swift"; sourceTree = "<group>"; };
		30E242022773BB1300430D0E /* LaunchesViewModelTests.swift */ = {isa = PBXFileReference; lastKnownFileType = sourcecode.swift; path = LaunchesViewModelTests.swift; sourceTree = "<group>"; };
		30E242042773BF3C00430D0E /* CompanyRowView.swift */ = {isa = PBXFileReference; lastKnownFileType = sourcecode.swift; path = CompanyRowView.swift; sourceTree = "<group>"; };
		30E24207277480D800430D0E /* BaseUITestCase.swift */ = {isa = PBXFileReference; lastKnownFileType = sourcecode.swift; path = BaseUITestCase.swift; sourceTree = "<group>"; };
		30E2420B2774880800430D0E /* RuntimeService.swift */ = {isa = PBXFileReference; lastKnownFileType = sourcecode.swift; path = RuntimeService.swift; sourceTree = "<group>"; };
		30E2420D27748A4300430D0E /* MockHTTPClient.swift */ = {isa = PBXFileReference; lastKnownFileType = sourcecode.swift; path = MockHTTPClient.swift; sourceTree = "<group>"; };
		30E242192774B76600430D0E /* LaunchRowView.swift */ = {isa = PBXFileReference; lastKnownFileType = sourcecode.swift; path = LaunchRowView.swift; sourceTree = "<group>"; };
/* End PBXFileReference section */

/* Begin PBXFrameworksBuildPhase section */
		30D540ED27732F750018B499 /* Frameworks */ = {
			isa = PBXFrameworksBuildPhase;
			buildActionMask = 2147483647;
			files = (
				2B95713F28E02A9300B2287F /* SwiftUICharts in Frameworks */,
			);
			runOnlyForDeploymentPostprocessing = 0;
		};
		30D540FD27732F760018B499 /* Frameworks */ = {
			isa = PBXFrameworksBuildPhase;
			buildActionMask = 2147483647;
			files = (
			);
			runOnlyForDeploymentPostprocessing = 0;
		};
		30D5410727732F760018B499 /* Frameworks */ = {
			isa = PBXFrameworksBuildPhase;
			buildActionMask = 2147483647;
			files = (
			);
			runOnlyForDeploymentPostprocessing = 0;
		};
/* End PBXFrameworksBuildPhase section */

/* Begin PBXGroup section */
		30D540E727732F750018B499 = {
			isa = PBXGroup;
			children = (
				30D540F227732F750018B499 /* SpaceX */,
				30D5410327732F760018B499 /* SpaceXTests */,
				30D5410D27732F760018B499 /* SpaceXUITests */,
				30D540F127732F750018B499 /* Products */,
			);
			sourceTree = "<group>";
		};
		30D540F127732F750018B499 /* Products */ = {
			isa = PBXGroup;
			children = (
				30D540F027732F750018B499 /* SpaceX.app */,
				30D5410027732F760018B499 /* SpaceXTests.xctest */,
				30D5410A27732F760018B499 /* SpaceXUITests.xctest */,
			);
			name = Products;
			sourceTree = "<group>";
		};
		30D540F227732F750018B499 /* SpaceX */ = {
			isa = PBXGroup;
			children = (
				30E0FF0C277A0A430029EB4E /* Caching */,
				30D540F327732F750018B499 /* SpaceXApp.swift */,
				30E241EC27739D6E00430D0E /* API */,
				30D5413A2773342F0018B499 /* Localization */,
				30D5412127732FBF0018B499 /* Model */,
				30D5411E27732FA90018B499 /* View */,
				30D5411F27732FB30018B499 /* ViewModel */,
				30E2420A277487FB00430D0E /* TestUtils */,
				30D5411D27732F8B0018B499 /* Support Files */,
				30D540F927732F760018B499 /* Preview Content */,
			);
			path = SpaceX;
			sourceTree = "<group>";
		};
		30D540F927732F760018B499 /* Preview Content */ = {
			isa = PBXGroup;
			children = (
				30D540FA27732F760018B499 /* Preview Assets.xcassets */,
			);
			path = "Preview Content";
			sourceTree = "<group>";
		};
		30D5410327732F760018B499 /* SpaceXTests */ = {
			isa = PBXGroup;
			children = (
				30E242012773BB0000430D0E /* ViewModel */,
				30E241F82773ABDE00430D0E /* API */,
				30D5412C277332500018B499 /* Model */,
				30D54137277332B20018B499 /* Util */,
				30D5414B277337750018B499 /* Resources */,
			);
			path = SpaceXTests;
			sourceTree = "<group>";
		};
		30D5410D27732F760018B499 /* SpaceXUITests */ = {
			isa = PBXGroup;
			children = (
				30E24209277481C400430D0E /* Tests */,
				30E242062774809B00430D0E /* Util */,
				30D5411027732F760018B499 /* SpaceXUITestsLaunchTests.swift */,
			);
			path = SpaceXUITests;
			sourceTree = "<group>";
		};
		30D5411D27732F8B0018B499 /* Support Files */ = {
			isa = PBXGroup;
			children = (
				30D540F727732F760018B499 /* Assets.xcassets */,
			);
			path = "Support Files";
			sourceTree = "<group>";
		};
		30D5411E27732FA90018B499 /* View */ = {
			isa = PBXGroup;
			children = (
				30E0FF12277B6A850029EB4E /* Util */,
				30D540F527732F750018B499 /* MainView.swift */,
				30E242042773BF3C00430D0E /* CompanyRowView.swift */,
				30E242192774B76600430D0E /* LaunchRowView.swift */,
				30E0FF17277BAAFB0029EB4E /* FilterView.swift */,
				3078B944277E0D8900EB7C6D /* Button+Utils.swift */,
				2B95713128DFF2A000B2287F /* ChartsView.swift */,
			);
			path = View;
			sourceTree = "<group>";
		};
		30D5411F27732FB30018B499 /* ViewModel */ = {
			isa = PBXGroup;
			children = (
				30E241FD2773B61400430D0E /* LaunchesViewModel.swift */,
				30E241FF2773BA3000430D0E /* LaunchesViewModel+Model.swift */,
			);
			path = ViewModel;
			sourceTree = "<group>";
		};
		30D5412127732FBF0018B499 /* Model */ = {
			isa = PBXGroup;
			children = (
				30D54122277331F60018B499 /* Company.swift */,
				30D54123277331F60018B499 /* Launch.swift */,
				30D54125277331F60018B499 /* Links.swift */,
				30D54124277331F60018B499 /* Patch.swift */,
				30D54126277331F60018B499 /* Rocket.swift */,
			);
			path = Model;
			sourceTree = "<group>";
		};
		30D5412C277332500018B499 /* Model */ = {
			isa = PBXGroup;
			children = (
				30D54130277332770018B499 /* CompanyTests.swift */,
				30D54131277332770018B499 /* LaunchTests.swift */,
				30D5412D277332770018B499 /* LinksTests.swift */,
				30D5412E277332770018B499 /* PatchTests.swift */,
				30D5412F277332770018B499 /* RocketTests.swift */,
			);
			path = Model;
			sourceTree = "<group>";
		};
		30D54137277332B20018B499 /* Util */ = {
			isa = PBXGroup;
			children = (
				30D54138277332D90018B499 /* JsonLoader.swift */,
				30E241FB2773B0EC00430D0E /* XCTest+Utils.swift */,
				30E2420D27748A4300430D0E /* MockHTTPClient.swift */,
				30E0FF0F277A11750029EB4E /* MockImageCache.swift */,
			);
			path = Util;
			sourceTree = "<group>";
		};
		30D5413A2773342F0018B499 /* Localization */ = {
			isa = PBXGroup;
			children = (
				30D5413B2773345B0018B499 /* Localize.swift */,
				30D54149277334D60018B499 /* Localizable.strings */,
			);
			path = Localization;
			sourceTree = "<group>";
		};
		30D5414B277337750018B499 /* Resources */ = {
			isa = PBXGroup;
			children = (
				30D5414C2773378C0018B499 /* TestCompanyInfo_v4.json */,
				30D5414D2773378C0018B499 /* TestLaunches_PopulatedRockets_v4.json */,
				30D5414E2773378C0018B499 /* TestLinks_v4.json */,
				30D541502773378C0018B499 /* TestPatches_v4.json */,
				30D5414F2773378C0018B499 /* TestRockets_v4.json */,
			);
			path = Resources;
			sourceTree = "<group>";
		};
		30E0FF0C277A0A430029EB4E /* Caching */ = {
			isa = PBXGroup;
			children = (
				30E0FF0A277A04BF0029EB4E /* ImageCache.swift */,
				30E0FF0D277A0A570029EB4E /* ThreadSafeCache.swift */,
			);
			path = Caching;
			sourceTree = "<group>";
		};
		30E0FF12277B6A850029EB4E /* Util */ = {
			isa = PBXGroup;
			children = (
				30E0FF13277B6AA10029EB4E /* View+LocalizationKey.swift */,
				30E0FF15277B8C490029EB4E /* AlertButton+URL.swift */,
			);
			path = Util;
			sourceTree = "<group>";
		};
		30E241EC27739D6E00430D0E /* API */ = {
			isa = PBXGroup;
			children = (
				30E241F42773A13D00430D0E /* HTTPClient.swift */,
				30E241F027739EAE00430D0E /* QueryResult.swift */,
				30E241F22773A08100430D0E /* SpaceXAPIClient.swift */,
				30E241F62773A21100430D0E /* URLRequest+Utils.swift */,
			);
			path = API;
			sourceTree = "<group>";
		};
		30E241F82773ABDE00430D0E /* API */ = {
			isa = PBXGroup;
			children = (
				30E241F92773ABEF00430D0E /* SpaceXAPIClientTests.swift */,
			);
			path = API;
			sourceTree = "<group>";
		};
		30E242012773BB0000430D0E /* ViewModel */ = {
			isa = PBXGroup;
			children = (
				30E242022773BB1300430D0E /* LaunchesViewModelTests.swift */,
			);
			path = ViewModel;
			sourceTree = "<group>";
		};
		30E242062774809B00430D0E /* Util */ = {
			isa = PBXGroup;
			children = (
				30E24207277480D800430D0E /* BaseUITestCase.swift */,
				30E0FF072779D0510029EB4E /* UITestCase+Shortcuts.swift */,
			);
			path = Util;
			sourceTree = "<group>";
		};
		30E24209277481C400430D0E /* Tests */ = {
			isa = PBXGroup;
			children = (
				30D5410E27732F760018B499 /* LaunchesViewUITests.swift */,
			);
			path = Tests;
			sourceTree = "<group>";
		};
		30E2420A277487FB00430D0E /* TestUtils */ = {
			isa = PBXGroup;
			children = (
				30E2420B2774880800430D0E /* RuntimeService.swift */,
			);
			path = TestUtils;
			sourceTree = "<group>";
		};
/* End PBXGroup section */

/* Begin PBXNativeTarget section */
		30D540EF27732F750018B499 /* SpaceX */ = {
			isa = PBXNativeTarget;
			buildConfigurationList = 30D5411427732F760018B499 /* Build configuration list for PBXNativeTarget "SpaceX" */;
			buildPhases = (
				30D540EC27732F750018B499 /* Sources */,
				30D540ED27732F750018B499 /* Frameworks */,
				30D540EE27732F750018B499 /* Resources */,
			);
			buildRules = (
			);
			dependencies = (
			);
			name = SpaceX;
			packageProductDependencies = (
				2B95713E28E02A9300B2287F /* SwiftUICharts */,
			);
			productName = SpaceX;
			productReference = 30D540F027732F750018B499 /* SpaceX.app */;
			productType = "com.apple.product-type.application";
		};
		30D540FF27732F760018B499 /* SpaceXTests */ = {
			isa = PBXNativeTarget;
			buildConfigurationList = 30D5411727732F760018B499 /* Build configuration list for PBXNativeTarget "SpaceXTests" */;
			buildPhases = (
				30D540FC27732F760018B499 /* Sources */,
				30D540FD27732F760018B499 /* Frameworks */,
				30D540FE27732F760018B499 /* Resources */,
			);
			buildRules = (
			);
			dependencies = (
				30D5410227732F760018B499 /* PBXTargetDependency */,
			);
			name = SpaceXTests;
			productName = SpaceXTests;
			productReference = 30D5410027732F760018B499 /* SpaceXTests.xctest */;
			productType = "com.apple.product-type.bundle.unit-test";
		};
		30D5410927732F760018B499 /* SpaceXUITests */ = {
			isa = PBXNativeTarget;
			buildConfigurationList = 30D5411A27732F760018B499 /* Build configuration list for PBXNativeTarget "SpaceXUITests" */;
			buildPhases = (
				30D5410627732F760018B499 /* Sources */,
				30D5410727732F760018B499 /* Frameworks */,
				30D5410827732F760018B499 /* Resources */,
			);
			buildRules = (
			);
			dependencies = (
				30D5410C27732F760018B499 /* PBXTargetDependency */,
			);
			name = SpaceXUITests;
			productName = SpaceXUITests;
			productReference = 30D5410A27732F760018B499 /* SpaceXUITests.xctest */;
			productType = "com.apple.product-type.bundle.ui-testing";
		};
/* End PBXNativeTarget section */

/* Begin PBXProject section */
		30D540E827732F750018B499 /* Project object */ = {
			isa = PBXProject;
			attributes = {
				BuildIndependentTargetsInParallel = 1;
				LastSwiftUpdateCheck = 1320;
				LastUpgradeCheck = 1320;
				TargetAttributes = {
					30D540EF27732F750018B499 = {
						CreatedOnToolsVersion = 13.2;
					};
					30D540FF27732F760018B499 = {
						CreatedOnToolsVersion = 13.2;
						TestTargetID = 30D540EF27732F750018B499;
					};
					30D5410927732F760018B499 = {
						CreatedOnToolsVersion = 13.2;
						TestTargetID = 30D540EF27732F750018B499;
					};
				};
			};
			buildConfigurationList = 30D540EB27732F750018B499 /* Build configuration list for PBXProject "SpaceX" */;
			compatibilityVersion = "Xcode 13.0";
			developmentRegion = en;
			hasScannedForEncodings = 0;
			knownRegions = (
				en,
				Base,
				"en-GB",
			);
			mainGroup = 30D540E727732F750018B499;
			packageReferences = (
				2B95713D28E02A9300B2287F /* XCRemoteSwiftPackageReference "SwiftUICharts" */,
			);
			productRefGroup = 30D540F127732F750018B499 /* Products */;
			projectDirPath = "";
			projectRoot = "";
			targets = (
				30D540EF27732F750018B499 /* SpaceX */,
				30D540FF27732F760018B499 /* SpaceXTests */,
				30D5410927732F760018B499 /* SpaceXUITests */,
			);
		};
/* End PBXProject section */

/* Begin PBXResourcesBuildPhase section */
		30D540EE27732F750018B499 /* Resources */ = {
			isa = PBXResourcesBuildPhase;
			buildActionMask = 2147483647;
			files = (
				30E2421427748FC900430D0E /* TestLaunches_PopulatedRockets_v4.json in Resources */,
				30E242162774953700430D0E /* TestPatches_v4.json in Resources */,
				30D540FB27732F760018B499 /* Preview Assets.xcassets in Resources */,
				30E242172774953A00430D0E /* TestLinks_v4.json in Resources */,
				30D54147277334D50018B499 /* Localizable.strings in Resources */,
				30D540F827732F760018B499 /* Assets.xcassets in Resources */,
				30E2421327748FC600430D0E /* TestCompanyInfo_v4.json in Resources */,
				30E242152774953300430D0E /* TestRockets_v4.json in Resources */,
			);
			runOnlyForDeploymentPostprocessing = 0;
		};
		30D540FE27732F760018B499 /* Resources */ = {
			isa = PBXResourcesBuildPhase;
			buildActionMask = 2147483647;
			files = (
				30D541512773378C0018B499 /* TestCompanyInfo_v4.json in Resources */,
				30D541522773378C0018B499 /* TestLaunches_PopulatedRockets_v4.json in Resources */,
				30D541532773378C0018B499 /* TestLinks_v4.json in Resources */,
				30D541552773378C0018B499 /* TestPatches_v4.json in Resources */,
				30D541542773378C0018B499 /* TestRockets_v4.json in Resources */,
			);
			runOnlyForDeploymentPostprocessing = 0;
		};
		30D5410827732F760018B499 /* Resources */ = {
			isa = PBXResourcesBuildPhase;
			buildActionMask = 2147483647;
			files = (
			);
			runOnlyForDeploymentPostprocessing = 0;
		};
/* End PBXResourcesBuildPhase section */

/* Begin PBXSourcesBuildPhase section */
		30D540EC27732F750018B499 /* Sources */ = {
			isa = PBXSourcesBuildPhase;
			buildActionMask = 2147483647;
			files = (
				30D5412B277331F60018B499 /* Rocket.swift in Sources */,
				30D540F627732F750018B499 /* MainView.swift in Sources */,
				2B95713228DFF2A000B2287F /* ChartsView.swift in Sources */,
				30E241FE2773B61400430D0E /* LaunchesViewModel.swift in Sources */,
				30E2421A2774B76600430D0E /* LaunchRowView.swift in Sources */,
				30E242002773BA3000430D0E /* LaunchesViewModel+Model.swift in Sources */,
				30E2420C2774880800430D0E /* RuntimeService.swift in Sources */,
				30E0FF0E277A0A570029EB4E /* ThreadSafeCache.swift in Sources */,
				30E241F52773A13D00430D0E /* HTTPClient.swift in Sources */,
				30E0FF18277BAAFB0029EB4E /* FilterView.swift in Sources */,
				30E2420F27748A5100430D0E /* MockHTTPClient.swift in Sources */,
				30E241F32773A08100430D0E /* SpaceXAPIClient.swift in Sources */,
				30D5412A277331F60018B499 /* Links.swift in Sources */,
				30E0FF0B277A04BF0029EB4E /* ImageCache.swift in Sources */,
				30D54129277331F60018B499 /* Patch.swift in Sources */,
				30E0FF14277B6AA10029EB4E /* View+LocalizationKey.swift in Sources */,
				30E2421227748F0D00430D0E /* JsonLoader.swift in Sources */,
				30E242052773BF3C00430D0E /* CompanyRowView.swift in Sources */,
				3078B945277E0D8900EB7C6D /* Button+Utils.swift in Sources */,
				30D5413C2773345B0018B499 /* Localize.swift in Sources */,
				30E241F127739EAE00430D0E /* QueryResult.swift in Sources */,
				30E0FF16277B8C490029EB4E /* AlertButton+URL.swift in Sources */,
				30D540F427732F750018B499 /* SpaceXApp.swift in Sources */,
				30D54128277331F60018B499 /* Launch.swift in Sources */,
				30D54127277331F60018B499 /* Company.swift in Sources */,
				30E0FF11277A11870029EB4E /* MockImageCache.swift in Sources */,
				30E241F72773A21100430D0E /* URLRequest+Utils.swift in Sources */,
			);
			runOnlyForDeploymentPostprocessing = 0;
		};
		30D540FC27732F760018B499 /* Sources */ = {
			isa = PBXSourcesBuildPhase;
			buildActionMask = 2147483647;
			files = (
				30D54133277332770018B499 /* PatchTests.swift in Sources */,
				30D54132277332770018B499 /* LinksTests.swift in Sources */,
				30D54135277332770018B499 /* CompanyTests.swift in Sources */,
				30D54136277332770018B499 /* LaunchTests.swift in Sources */,
				30E241FC2773B0EC00430D0E /* XCTest+Utils.swift in Sources */,
				30D54134277332770018B499 /* RocketTests.swift in Sources */,
				30E241FA2773ABEF00430D0E /* SpaceXAPIClientTests.swift in Sources */,
				30E242032773BB1300430D0E /* LaunchesViewModelTests.swift in Sources */,
			);
			runOnlyForDeploymentPostprocessing = 0;
		};
		30D5410627732F760018B499 /* Sources */ = {
			isa = PBXSourcesBuildPhase;
			buildActionMask = 2147483647;
			files = (
				30D5411127732F760018B499 /* SpaceXUITestsLaunchTests.swift in Sources */,
				30E0FF082779D0510029EB4E /* UITestCase+Shortcuts.swift in Sources */,
				30D5410F27732F760018B499 /* LaunchesViewUITests.swift in Sources */,
				30E24208277480D800430D0E /* BaseUITestCase.swift in Sources */,
			);
			runOnlyForDeploymentPostprocessing = 0;
		};
/* End PBXSourcesBuildPhase section */

/* Begin PBXTargetDependency section */
		30D5410227732F760018B499 /* PBXTargetDependency */ = {
			isa = PBXTargetDependency;
			target = 30D540EF27732F750018B499 /* SpaceX */;
			targetProxy = 30D5410127732F760018B499 /* PBXContainerItemProxy */;
		};
		30D5410C27732F760018B499 /* PBXTargetDependency */ = {
			isa = PBXTargetDependency;
			target = 30D540EF27732F750018B499 /* SpaceX */;
			targetProxy = 30D5410B27732F760018B499 /* PBXContainerItemProxy */;
		};
/* End PBXTargetDependency section */

/* Begin PBXVariantGroup section */
		30D54149277334D60018B499 /* Localizable.strings */ = {
			isa = PBXVariantGroup;
			children = (
				30D54148277334D60018B499 /* en-GB */,
				30D5414A277334DA0018B499 /* en */,
			);
			name = Localizable.strings;
			sourceTree = "<group>";
		};
/* End PBXVariantGroup section */

/* Begin XCBuildConfiguration section */
		30D5411227732F760018B499 /* Debug */ = {
			isa = XCBuildConfiguration;
			buildSettings = {
				ALWAYS_SEARCH_USER_PATHS = NO;
				CLANG_ANALYZER_NONNULL = YES;
				CLANG_ANALYZER_NUMBER_OBJECT_CONVERSION = YES_AGGRESSIVE;
				CLANG_CXX_LANGUAGE_STANDARD = "gnu++17";
				CLANG_CXX_LIBRARY = "libc++";
				CLANG_ENABLE_MODULES = YES;
				CLANG_ENABLE_OBJC_ARC = YES;
				CLANG_ENABLE_OBJC_WEAK = YES;
				CLANG_WARN_BLOCK_CAPTURE_AUTORELEASING = YES;
				CLANG_WARN_BOOL_CONVERSION = YES;
				CLANG_WARN_COMMA = YES;
				CLANG_WARN_CONSTANT_CONVERSION = YES;
				CLANG_WARN_DEPRECATED_OBJC_IMPLEMENTATIONS = YES;
				CLANG_WARN_DIRECT_OBJC_ISA_USAGE = YES_ERROR;
				CLANG_WARN_DOCUMENTATION_COMMENTS = YES;
				CLANG_WARN_EMPTY_BODY = YES;
				CLANG_WARN_ENUM_CONVERSION = YES;
				CLANG_WARN_INFINITE_RECURSION = YES;
				CLANG_WARN_INT_CONVERSION = YES;
				CLANG_WARN_NON_LITERAL_NULL_CONVERSION = YES;
				CLANG_WARN_OBJC_IMPLICIT_RETAIN_SELF = YES;
				CLANG_WARN_OBJC_LITERAL_CONVERSION = YES;
				CLANG_WARN_OBJC_ROOT_CLASS = YES_ERROR;
				CLANG_WARN_QUOTED_INCLUDE_IN_FRAMEWORK_HEADER = YES;
				CLANG_WARN_RANGE_LOOP_ANALYSIS = YES;
				CLANG_WARN_STRICT_PROTOTYPES = YES;
				CLANG_WARN_SUSPICIOUS_MOVE = YES;
				CLANG_WARN_UNGUARDED_AVAILABILITY = YES_AGGRESSIVE;
				CLANG_WARN_UNREACHABLE_CODE = YES;
				CLANG_WARN__DUPLICATE_METHOD_MATCH = YES;
				COPY_PHASE_STRIP = NO;
				DEBUG_INFORMATION_FORMAT = dwarf;
				ENABLE_STRICT_OBJC_MSGSEND = YES;
				ENABLE_TESTABILITY = YES;
				GCC_C_LANGUAGE_STANDARD = gnu11;
				GCC_DYNAMIC_NO_PIC = NO;
				GCC_NO_COMMON_BLOCKS = YES;
				GCC_OPTIMIZATION_LEVEL = 0;
				GCC_PREPROCESSOR_DEFINITIONS = (
					"DEBUG=1",
					"$(inherited)",
				);
				GCC_WARN_64_TO_32_BIT_CONVERSION = YES;
				GCC_WARN_ABOUT_RETURN_TYPE = YES_ERROR;
				GCC_WARN_UNDECLARED_SELECTOR = YES;
				GCC_WARN_UNINITIALIZED_AUTOS = YES_AGGRESSIVE;
				GCC_WARN_UNUSED_FUNCTION = YES;
				GCC_WARN_UNUSED_VARIABLE = YES;
				IPHONEOS_DEPLOYMENT_TARGET = 15.2;
				MTL_ENABLE_DEBUG_INFO = INCLUDE_SOURCE;
				MTL_FAST_MATH = YES;
				ONLY_ACTIVE_ARCH = YES;
				SDKROOT = iphoneos;
				SWIFT_ACTIVE_COMPILATION_CONDITIONS = DEBUG;
				SWIFT_OPTIMIZATION_LEVEL = "-Onone";
			};
			name = Debug;
		};
		30D5411327732F760018B499 /* Release */ = {
			isa = XCBuildConfiguration;
			buildSettings = {
				ALWAYS_SEARCH_USER_PATHS = NO;
				CLANG_ANALYZER_NONNULL = YES;
				CLANG_ANALYZER_NUMBER_OBJECT_CONVERSION = YES_AGGRESSIVE;
				CLANG_CXX_LANGUAGE_STANDARD = "gnu++17";
				CLANG_CXX_LIBRARY = "libc++";
				CLANG_ENABLE_MODULES = YES;
				CLANG_ENABLE_OBJC_ARC = YES;
				CLANG_ENABLE_OBJC_WEAK = YES;
				CLANG_WARN_BLOCK_CAPTURE_AUTORELEASING = YES;
				CLANG_WARN_BOOL_CONVERSION = YES;
				CLANG_WARN_COMMA = YES;
				CLANG_WARN_CONSTANT_CONVERSION = YES;
				CLANG_WARN_DEPRECATED_OBJC_IMPLEMENTATIONS = YES;
				CLANG_WARN_DIRECT_OBJC_ISA_USAGE = YES_ERROR;
				CLANG_WARN_DOCUMENTATION_COMMENTS = YES;
				CLANG_WARN_EMPTY_BODY = YES;
				CLANG_WARN_ENUM_CONVERSION = YES;
				CLANG_WARN_INFINITE_RECURSION = YES;
				CLANG_WARN_INT_CONVERSION = YES;
				CLANG_WARN_NON_LITERAL_NULL_CONVERSION = YES;
				CLANG_WARN_OBJC_IMPLICIT_RETAIN_SELF = YES;
				CLANG_WARN_OBJC_LITERAL_CONVERSION = YES;
				CLANG_WARN_OBJC_ROOT_CLASS = YES_ERROR;
				CLANG_WARN_QUOTED_INCLUDE_IN_FRAMEWORK_HEADER = YES;
				CLANG_WARN_RANGE_LOOP_ANALYSIS = YES;
				CLANG_WARN_STRICT_PROTOTYPES = YES;
				CLANG_WARN_SUSPICIOUS_MOVE = YES;
				CLANG_WARN_UNGUARDED_AVAILABILITY = YES_AGGRESSIVE;
				CLANG_WARN_UNREACHABLE_CODE = YES;
				CLANG_WARN__DUPLICATE_METHOD_MATCH = YES;
				COPY_PHASE_STRIP = NO;
				DEBUG_INFORMATION_FORMAT = "dwarf-with-dsym";
				ENABLE_NS_ASSERTIONS = NO;
				ENABLE_STRICT_OBJC_MSGSEND = YES;
				GCC_C_LANGUAGE_STANDARD = gnu11;
				GCC_NO_COMMON_BLOCKS = YES;
				GCC_WARN_64_TO_32_BIT_CONVERSION = YES;
				GCC_WARN_ABOUT_RETURN_TYPE = YES_ERROR;
				GCC_WARN_UNDECLARED_SELECTOR = YES;
				GCC_WARN_UNINITIALIZED_AUTOS = YES_AGGRESSIVE;
				GCC_WARN_UNUSED_FUNCTION = YES;
				GCC_WARN_UNUSED_VARIABLE = YES;
				IPHONEOS_DEPLOYMENT_TARGET = 15.2;
				MTL_ENABLE_DEBUG_INFO = NO;
				MTL_FAST_MATH = YES;
				SDKROOT = iphoneos;
				SWIFT_COMPILATION_MODE = wholemodule;
				SWIFT_OPTIMIZATION_LEVEL = "-O";
				VALIDATE_PRODUCT = YES;
			};
			name = Release;
		};
		30D5411527732F760018B499 /* Debug */ = {
			isa = XCBuildConfiguration;
			buildSettings = {
				ASSETCATALOG_COMPILER_APPICON_NAME = AppIcon;
				ASSETCATALOG_COMPILER_GLOBAL_ACCENT_COLOR_NAME = AccentColor;
				CODE_SIGN_STYLE = Automatic;
				CURRENT_PROJECT_VERSION = 1;
				DEVELOPMENT_ASSET_PATHS = "\"SpaceX/Preview Content\"";
				DEVELOPMENT_TEAM = H7MUL7BCTG;
				ENABLE_PREVIEWS = YES;
				GENERATE_INFOPLIST_FILE = YES;
				INFOPLIST_KEY_UIApplicationSceneManifest_Generation = YES;
				INFOPLIST_KEY_UIApplicationSupportsIndirectInputEvents = YES;
				INFOPLIST_KEY_UILaunchScreen_Generation = YES;
				INFOPLIST_KEY_UISupportedInterfaceOrientations_iPad = "UIInterfaceOrientationPortrait UIInterfaceOrientationPortraitUpsideDown UIInterfaceOrientationLandscapeLeft UIInterfaceOrientationLandscapeRight";
				INFOPLIST_KEY_UISupportedInterfaceOrientations_iPhone = "UIInterfaceOrientationPortrait UIInterfaceOrientationLandscapeLeft UIInterfaceOrientationLandscapeRight";
				LD_RUNPATH_SEARCH_PATHS = (
					"$(inherited)",
					"@executable_path/Frameworks",
				);
				MARKETING_VERSION = 1.0;
				PRODUCT_BUNDLE_IDENTIFIER = com.zabaleta.SpaceX;
				PRODUCT_NAME = "$(TARGET_NAME)";
				SWIFT_EMIT_LOC_STRINGS = YES;
				SWIFT_VERSION = 5.0;
				TARGETED_DEVICE_FAMILY = "1,2";
			};
			name = Debug;
		};
		30D5411627732F760018B499 /* Release */ = {
			isa = XCBuildConfiguration;
			buildSettings = {
				ASSETCATALOG_COMPILER_APPICON_NAME = AppIcon;
				ASSETCATALOG_COMPILER_GLOBAL_ACCENT_COLOR_NAME = AccentColor;
				CODE_SIGN_STYLE = Automatic;
				CURRENT_PROJECT_VERSION = 1;
				DEVELOPMENT_ASSET_PATHS = "\"SpaceX/Preview Content\"";
				DEVELOPMENT_TEAM = H7MUL7BCTG;
				ENABLE_PREVIEWS = YES;
				GENERATE_INFOPLIST_FILE = YES;
				INFOPLIST_KEY_UIApplicationSceneManifest_Generation = YES;
				INFOPLIST_KEY_UIApplicationSupportsIndirectInputEvents = YES;
				INFOPLIST_KEY_UILaunchScreen_Generation = YES;
				INFOPLIST_KEY_UISupportedInterfaceOrientations_iPad = "UIInterfaceOrientationPortrait UIInterfaceOrientationPortraitUpsideDown UIInterfaceOrientationLandscapeLeft UIInterfaceOrientationLandscapeRight";
				INFOPLIST_KEY_UISupportedInterfaceOrientations_iPhone = "UIInterfaceOrientationPortrait UIInterfaceOrientationLandscapeLeft UIInterfaceOrientationLandscapeRight";
				LD_RUNPATH_SEARCH_PATHS = (
					"$(inherited)",
					"@executable_path/Frameworks",
				);
				MARKETING_VERSION = 1.0;
				PRODUCT_BUNDLE_IDENTIFIER = com.zabaleta.SpaceX;
				PRODUCT_NAME = "$(TARGET_NAME)";
				SWIFT_EMIT_LOC_STRINGS = YES;
				SWIFT_VERSION = 5.0;
				TARGETED_DEVICE_FAMILY = "1,2";
			};
			name = Release;
		};
		30D5411827732F760018B499 /* Debug */ = {
			isa = XCBuildConfiguration;
			buildSettings = {
				ALWAYS_EMBED_SWIFT_STANDARD_LIBRARIES = YES;
				BUNDLE_LOADER = "$(TEST_HOST)";
				CODE_SIGN_STYLE = Automatic;
				CURRENT_PROJECT_VERSION = 1;
				DEVELOPMENT_TEAM = H7MUL7BCTG;
				GENERATE_INFOPLIST_FILE = YES;
				IPHONEOS_DEPLOYMENT_TARGET = 15.2;
				MARKETING_VERSION = 1.0;
				PRODUCT_BUNDLE_IDENTIFIER = com.zabaleta.SpaceXTests;
				PRODUCT_NAME = "$(TARGET_NAME)";
				SWIFT_EMIT_LOC_STRINGS = NO;
				SWIFT_VERSION = 5.0;
				TARGETED_DEVICE_FAMILY = "1,2";
				TEST_HOST = "$(BUILT_PRODUCTS_DIR)/SpaceX.app/SpaceX";
			};
			name = Debug;
		};
		30D5411927732F760018B499 /* Release */ = {
			isa = XCBuildConfiguration;
			buildSettings = {
				ALWAYS_EMBED_SWIFT_STANDARD_LIBRARIES = YES;
				BUNDLE_LOADER = "$(TEST_HOST)";
				CODE_SIGN_STYLE = Automatic;
				CURRENT_PROJECT_VERSION = 1;
				DEVELOPMENT_TEAM = H7MUL7BCTG;
				GENERATE_INFOPLIST_FILE = YES;
				IPHONEOS_DEPLOYMENT_TARGET = 15.2;
				MARKETING_VERSION = 1.0;
				PRODUCT_BUNDLE_IDENTIFIER = com.zabaleta.SpaceXTests;
				PRODUCT_NAME = "$(TARGET_NAME)";
				SWIFT_EMIT_LOC_STRINGS = NO;
				SWIFT_VERSION = 5.0;
				TARGETED_DEVICE_FAMILY = "1,2";
				TEST_HOST = "$(BUILT_PRODUCTS_DIR)/SpaceX.app/SpaceX";
			};
			name = Release;
		};
		30D5411B27732F760018B499 /* Debug */ = {
			isa = XCBuildConfiguration;
			buildSettings = {
				ALWAYS_EMBED_SWIFT_STANDARD_LIBRARIES = YES;
				CODE_SIGN_STYLE = Automatic;
				CURRENT_PROJECT_VERSION = 1;
				DEVELOPMENT_TEAM = H7MUL7BCTG;
				GENERATE_INFOPLIST_FILE = YES;
				MARKETING_VERSION = 1.0;
				PRODUCT_BUNDLE_IDENTIFIER = com.zabaleta.SpaceXUITests;
				PRODUCT_NAME = "$(TARGET_NAME)";
				SWIFT_EMIT_LOC_STRINGS = NO;
				SWIFT_VERSION = 5.0;
				TARGETED_DEVICE_FAMILY = "1,2";
				TEST_TARGET_NAME = SpaceX;
			};
			name = Debug;
		};
		30D5411C27732F760018B499 /* Release */ = {
			isa = XCBuildConfiguration;
			buildSettings = {
				ALWAYS_EMBED_SWIFT_STANDARD_LIBRARIES = YES;
				CODE_SIGN_STYLE = Automatic;
				CURRENT_PROJECT_VERSION = 1;
				DEVELOPMENT_TEAM = H7MUL7BCTG;
				GENERATE_INFOPLIST_FILE = YES;
				MARKETING_VERSION = 1.0;
				PRODUCT_BUNDLE_IDENTIFIER = com.zabaleta.SpaceXUITests;
				PRODUCT_NAME = "$(TARGET_NAME)";
				SWIFT_EMIT_LOC_STRINGS = NO;
				SWIFT_VERSION = 5.0;
				TARGETED_DEVICE_FAMILY = "1,2";
				TEST_TARGET_NAME = SpaceX;
			};
			name = Release;
		};
/* End XCBuildConfiguration section */

/* Begin XCConfigurationList section */
		30D540EB27732F750018B499 /* Build configuration list for PBXProject "SpaceX" */ = {
			isa = XCConfigurationList;
			buildConfigurations = (
				30D5411227732F760018B499 /* Debug */,
				30D5411327732F760018B499 /* Release */,
			);
			defaultConfigurationIsVisible = 0;
			defaultConfigurationName = Release;
		};
		30D5411427732F760018B499 /* Build configuration list for PBXNativeTarget "SpaceX" */ = {
			isa = XCConfigurationList;
			buildConfigurations = (
				30D5411527732F760018B499 /* Debug */,
				30D5411627732F760018B499 /* Release */,
			);
			defaultConfigurationIsVisible = 0;
			defaultConfigurationName = Release;
		};
		30D5411727732F760018B499 /* Build configuration list for PBXNativeTarget "SpaceXTests" */ = {
			isa = XCConfigurationList;
			buildConfigurations = (
				30D5411827732F760018B499 /* Debug */,
				30D5411927732F760018B499 /* Release */,
			);
			defaultConfigurationIsVisible = 0;
			defaultConfigurationName = Release;
		};
		30D5411A27732F760018B499 /* Build configuration list for PBXNativeTarget "SpaceXUITests" */ = {
			isa = XCConfigurationList;
			buildConfigurations = (
				30D5411B27732F760018B499 /* Debug */,
				30D5411C27732F760018B499 /* Release */,
			);
			defaultConfigurationIsVisible = 0;
			defaultConfigurationName = Release;
		};
/* End XCConfigurationList section */

/* Begin XCRemoteSwiftPackageReference section */
		2B95713D28E02A9300B2287F /* XCRemoteSwiftPackageReference "SwiftUICharts" */ = {
			isa = XCRemoteSwiftPackageReference;
			repositoryURL = "https://github.com/otaviokz/SwiftUICharts";
			requirement = {
				kind = revision;
				revision = b4266f7daf79241358ca1b70942aa97638fa23fa;
			};
		};
/* End XCRemoteSwiftPackageReference section */

/* Begin XCSwiftPackageProductDependency section */
		2B95713E28E02A9300B2287F /* SwiftUICharts */ = {
			isa = XCSwiftPackageProductDependency;
			package = 2B95713D28E02A9300B2287F /* XCRemoteSwiftPackageReference "SwiftUICharts" */;
			productName = SwiftUICharts;
		};
/* End XCSwiftPackageProductDependency section */
	};
	rootObject = 30D540E827732F750018B499 /* Project object */;
}
