{
  "pins" : [
    {
      "identity" : "swiftuicharts",
      "kind" : "remoteSourceControl",
      "location" : "https://github.com/otaviokz/SwiftUICharts",
      "state" : {
        "revision" : "1d06801097b84c57ebca4fd3076ea6aa7fdeb538",
        "version" : "1.0.1"
      }
    }
  ],
  "version" : 2
}
